
Microsoft Visual Studio Solution File, Format Version 12.00
# Visual Studio Version 17
VisualStudioVersion = 17.0.31903.59
MinimumVisualStudioVersion = 10.0.40219.1
Project("{FAE04EC0-301F-11D3-BF4B-00C04F79EFBC}") = "Core", "Core\Core.csproj", "{03C9A8A9-7240-47A1-9C7B-BE923CD5F392}"
EndProject
Project("{FAE04EC0-301F-11D3-BF4B-00C04F79EFBC}") = "Infrastructure", "Infrastructure\Infrastructure.csproj", "{27AFF9BD-87CB-4825-A8D9-42557A0C8A1D}"
EndProject
Project("{FAE04EC0-301F-11D3-BF4B-00C04F79EFBC}") = "Api", "Api\Api.csproj", "{9AF7CC9D-C8C4-41EE-A23E-AC2FB2263600}"
EndProject
Global
	GlobalSection(SolutionConfigurationPlatforms) = preSolution
		Debug|Any CPU = Debug|Any CPU
		Debug|x64 = Debug|x64
		Debug|x86 = Debug|x86
		Release|Any CPU = Release|Any CPU
		Release|x64 = Release|x64
		Release|x86 = Release|x86
	EndGlobalSection
	GlobalSection(ProjectConfigurationPlatforms) = postSolution
		{03C9A8A9-7240-47A1-9C7B-BE923CD5F392}.Debug|Any CPU.ActiveCfg = Debug|Any CPU
		{03C9A8A9-7240-47A1-9C7B-BE923CD5F392}.Debug|Any CPU.Build.0 = Debug|Any CPU
		{03C9A8A9-7240-47A1-9C7B-BE923CD5F392}.Debug|x64.ActiveCfg = Debug|Any CPU
		{03C9A8A9-7240-47A1-9C7B-BE923CD5F392}.Debug|x64.Build.0 = Debug|Any CPU
		{03C9A8A9-7240-47A1-9C7B-BE923CD5F392}.Debug|x86.ActiveCfg = Debug|Any CPU
		{03C9A8A9-7240-47A1-9C7B-BE923CD5F392}.Debug|x86.Build.0 = Debug|Any CPU
		{03C9A8A9-7240-47A1-9C7B-BE923CD5F392}.Release|Any CPU.ActiveCfg = Release|Any CPU
		{03C9A8A9-7240-47A1-9C7B-BE923CD5F392}.Release|Any CPU.Build.0 = Release|Any CPU
		{03C9A8A9-7240-47A1-9C7B-BE923CD5F392}.Release|x64.ActiveCfg = Release|Any CPU
		{03C9A8A9-7240-47A1-9C7B-BE923CD5F392}.Release|x64.Build.0 = Release|Any CPU
		{03C9A8A9-7240-47A1-9C7B-BE923CD5F392}.Release|x86.ActiveCfg = Release|Any CPU
		{03C9A8A9-7240-47A1-9C7B-BE923CD5F392}.Release|x86.Build.0 = Release|Any CPU
		{27AFF9BD-87CB-4825-A8D9-42557A0C8A1D}.Debug|Any CPU.ActiveCfg = Debug|Any CPU
		{27AFF9BD-87CB-4825-A8D9-42557A0C8A1D}.Debug|Any CPU.Build.0 = Debug|Any CPU
		{27AFF9BD-87CB-4825-A8D9-42557A0C8A1D}.Debug|x64.ActiveCfg = Debug|Any CPU
		{27AFF9BD-87CB-4825-A8D9-42557A0C8A1D}.Debug|x64.Build.0 = Debug|Any CPU
		{27AFF9BD-87CB-4825-A8D9-42557A0C8A1D}.Debug|x86.ActiveCfg = Debug|Any CPU
		{27AFF9BD-87CB-4825-A8D9-42557A0C8A1D}.Debug|x86.Build.0 = Debug|Any CPU
		{27AFF9BD-87CB-4825-A8D9-42557A0C8A1D}.Release|Any CPU.ActiveCfg = Release|Any CPU
		{27AFF9BD-87CB-4825-A8D9-42557A0C8A1D}.Release|Any CPU.Build.0 = Release|Any CPU
		{27AFF9BD-87CB-4825-A8D9-42557A0C8A1D}.Release|x64.ActiveCfg = Release|Any CPU
		{27AFF9BD-87CB-4825-A8D9-42557A0C8A1D}.Release|x64.Build.0 = Release|Any CPU
		{27AFF9BD-87CB-4825-A8D9-42557A0C8A1D}.Release|x86.ActiveCfg = Release|Any CPU
		{27AFF9BD-87CB-4825-A8D9-42557A0C8A1D}.Release|x86.Build.0 = Release|Any CPU
		{9AF7CC9D-C8C4-41EE-A23E-AC2FB2263600}.Debug|Any CPU.ActiveCfg = Debug|Any CPU
		{9AF7CC9D-C8C4-41EE-A23E-AC2FB2263600}.Debug|Any CPU.Build.0 = Debug|Any CPU
		{9AF7CC9D-C8C4-41EE-A23E-AC2FB2263600}.Debug|x64.ActiveCfg = Debug|Any CPU
		{9AF7CC9D-C8C4-41EE-A23E-AC2FB2263600}.Debug|x64.Build.0 = Debug|Any CPU
		{9AF7CC9D-C8C4-41EE-A23E-AC2FB2263600}.Debug|x86.ActiveCfg = Debug|Any CPU
		{9AF7CC9D-C8C4-41EE-A23E-AC2FB2263600}.Debug|x86.Build.0 = Debug|Any CPU
		{9AF7CC9D-C8C4-41EE-A23E-AC2FB2263600}.Release|Any CPU.ActiveCfg = Release|Any CPU
		{9AF7CC9D-C8C4-41EE-A23E-AC2FB2263600}.Release|Any CPU.Build.0 = Release|Any CPU
		{9AF7CC9D-C8C4-41EE-A23E-AC2FB2263600}.Release|x64.ActiveCfg = Release|Any CPU
		{9AF7CC9D-C8C4-41EE-A23E-AC2FB2263600}.Release|x64.Build.0 = Release|Any CPU
		{9AF7CC9D-C8C4-41EE-A23E-AC2FB2263600}.Release|x86.ActiveCfg = Release|Any CPU
		{9AF7CC9D-C8C4-41EE-A23E-AC2FB2263600}.Release|x86.Build.0 = Release|Any CPU
	EndGlobalSection
	GlobalSection(SolutionProperties) = preSolution
		HideSolutionNode = FALSE
	EndGlobalSection
EndGlobal
